
Microsoft Visual Studio Solution File, Format Version 12.00
# Visual Studio Version 16
VisualStudioVersion = 16.0.31129.286
MinimumVisualStudioVersion = 10.0.40219.1
Project("{FAE04EC0-301F-11D3-BF4B-00C04F79EFBC}") = "SingleResponsibility", "SingleResponsibility.csproj", "{4F65F32D-F837-4FDC-83D1-540CF1A473FE}"
EndProject
Global
	GlobalSection(SolutionConfigurationPlatforms) = preSolution
		Debug|Any CPU = Debug|Any CPU
		Release|Any CPU = Release|Any CPU
	EndGlobalSection
	GlobalSection(ProjectConfigurationPlatforms) = postSolution
		{4F65F32D-F837-4FDC-83D1-540CF1A473FE}.Debug|Any CPU.ActiveCfg = Debug|Any CPU
		{4F65F32D-F837-4FDC-83D1-540CF1A473FE}.Debug|Any CPU.Build.0 = Debug|Any CPU
		{4F65F32D-F837-4FDC-83D1-540CF1A473FE}.Release|Any CPU.ActiveCfg = Release|Any CPU
		{4F65F32D-F837-4FDC-83D1-540CF1A473FE}.Release|Any CPU.Build.0 = Release|Any CPU
	EndGlobalSection
	GlobalSection(SolutionProperties) = preSolution
		HideSolutionNode = FALSE
	EndGlobalSection
	GlobalSection(ExtensibilityGlobals) = postSolution
		SolutionGuid = {C007E23C-4797-4CE8-9AF8-7273215A0998}
	EndGlobalSection
EndGlobal
